// !$*UTF8*$!
{
	archiveVersion = 1;
	classes = {
	};
	objectVersion = 50;
	objects = {

/* Begin PBXBuildFile section */
		A238247821CA390500C1FC9A /* AppDelegate.swift in Sources */ = {isa = PBXBuildFile; fileRef = A238247721CA390500C1FC9A /* AppDelegate.swift */; };
		A238247A21CA390500C1FC9A /* ViewController.swift in Sources */ = {isa = PBXBuildFile; fileRef = A238247921CA390500C1FC9A /* ViewController.swift */; };
		A238247F21CA390800C1FC9A /* Assets.xcassets in Resources */ = {isa = PBXBuildFile; fileRef = A238247E21CA390800C1FC9A /* Assets.xcassets */; };
		A238248221CA390800C1FC9A /* LaunchScreen.storyboard in Resources */ = {isa = PBXBuildFile; fileRef = A238248021CA390800C1FC9A /* LaunchScreen.storyboard */; };
		A238248B21CA3A9700C1FC9A /* EasySegmentedControl.swift in Sources */ = {isa = PBXBuildFile; fileRef = A238248A21CA3A9700C1FC9A /* EasySegmentedControl.swift */; };
		A238248E21CA3AAF00C1FC9A /* EasySegmentedControl.podspec in Resources */ = {isa = PBXBuildFile; fileRef = A238248D21CA3AAF00C1FC9A /* EasySegmentedControl.podspec */; };
/* End PBXBuildFile section */

/* Begin PBXFileReference section */
		A238247421CA390500C1FC9A /* EasySegmentedControl.app */ = {isa = PBXFileReference; explicitFileType = wrapper.application; includeInIndex = 0; path = EasySegmentedControl.app; sourceTree = BUILT_PRODUCTS_DIR; };
		A238247721CA390500C1FC9A /* AppDelegate.swift */ = {isa = PBXFileReference; lastKnownFileType = sourcecode.swift; path = AppDelegate.swift; sourceTree = "<group>"; };
		A238247921CA390500C1FC9A /* ViewController.swift */ = {isa = PBXFileReference; lastKnownFileType = sourcecode.swift; path = ViewController.swift; sourceTree = "<group>"; };
		A238247E21CA390800C1FC9A /* Assets.xcassets */ = {isa = PBXFileReference; lastKnownFileType = folder.assetcatalog; path = Assets.xcassets; sourceTree = "<group>"; };
		A238248121CA390800C1FC9A /* Base */ = {isa = PBXFileReference; lastKnownFileType = file.storyboard; name = Base; path = Base.lproj/LaunchScreen.storyboard; sourceTree = "<group>"; };
		A238248321CA390800C1FC9A /* Info.plist */ = {isa = PBXFileReference; lastKnownFileType = text.plist.xml; path = Info.plist; sourceTree = "<group>"; };
		A238248A21CA3A9700C1FC9A /* EasySegmentedControl.swift */ = {isa = PBXFileReference; fileEncoding = 4; lastKnownFileType = sourcecode.swift; path = EasySegmentedControl.swift; sourceTree = "<group>"; };
		A238248D21CA3AAF00C1FC9A /* EasySegmentedControl.podspec */ = {isa = PBXFileReference; explicitFileType = text.script.ruby; fileEncoding = 4; path = EasySegmentedControl.podspec; sourceTree = "<group>"; };
/* End PBXFileReference section */

/* Begin PBXFrameworksBuildPhase section */
		A238247121CA390500C1FC9A /* Frameworks */ = {
			isa = PBXFrameworksBuildPhase;
			buildActionMask = 2147483647;
			files = (
			);
			runOnlyForDeploymentPostprocessing = 0;
		};
/* End PBXFrameworksBuildPhase section */

/* Begin PBXGroup section */
		A238246B21CA390500C1FC9A = {
			isa = PBXGroup;
			children = (
				A238248C21CA3AA000C1FC9A /* Supporting Files */,
				A238248921CA3A9700C1FC9A /* EasySegmentedControlSource */,
				A238247621CA390500C1FC9A /* EasySegmentedControl */,
				A238247521CA390500C1FC9A /* Products */,
			);
			sourceTree = "<group>";
		};
		A238247521CA390500C1FC9A /* Products */ = {
			isa = PBXGroup;
			children = (
				A238247421CA390500C1FC9A /* EasySegmentedControl.app */,
			);
			name = Products;
			sourceTree = "<group>";
		};
		A238247621CA390500C1FC9A /* EasySegmentedControl */ = {
			isa = PBXGroup;
			children = (
				A238247721CA390500C1FC9A /* AppDelegate.swift */,
				A238247921CA390500C1FC9A /* ViewController.swift */,
				A238247E21CA390800C1FC9A /* Assets.xcassets */,
				A238248021CA390800C1FC9A /* LaunchScreen.storyboard */,
				A238248321CA390800C1FC9A /* Info.plist */,
			);
			path = EasySegmentedControl;
			sourceTree = "<group>";
		};
		A238248921CA3A9700C1FC9A /* EasySegmentedControlSource */ = {
			isa = PBXGroup;
			children = (
				A238248A21CA3A9700C1FC9A /* EasySegmentedControl.swift */,
			);
			path = EasySegmentedControlSource;
			sourceTree = "<group>";
		};
		A238248C21CA3AA000C1FC9A /* Supporting Files */ = {
			isa = PBXGroup;
			children = (
				A238248D21CA3AAF00C1FC9A /* EasySegmentedControl.podspec */,
			);
			name = "Supporting Files";
			sourceTree = "<group>";
		};
/* End PBXGroup section */

/* Begin PBXNativeTarget section */
		A238247321CA390500C1FC9A /* EasySegmentedControl */ = {
			isa = PBXNativeTarget;
			buildConfigurationList = A238248621CA390800C1FC9A /* Build configuration list for PBXNativeTarget "EasySegmentedControl" */;
			buildPhases = (
				A238247021CA390500C1FC9A /* Sources */,
				A238247121CA390500C1FC9A /* Frameworks */,
				A238247221CA390500C1FC9A /* Resources */,
			);
			buildRules = (
			);
			dependencies = (
			);
			name = EasySegmentedControl;
			productName = EasySegmentedControl;
			productReference = A238247421CA390500C1FC9A /* EasySegmentedControl.app */;
			productType = "com.apple.product-type.application";
		};
/* End PBXNativeTarget section */

/* Begin PBXProject section */
		A238246C21CA390500C1FC9A /* Project object */ = {
			isa = PBXProject;
			attributes = {
				LastSwiftUpdateCheck = 1010;
				LastUpgradeCheck = 1010;
				ORGANIZATIONNAME = "王树军";
				TargetAttributes = {
					A238247321CA390500C1FC9A = {
						CreatedOnToolsVersion = 10.1;
					};
				};
			};
			buildConfigurationList = A238246F21CA390500C1FC9A /* Build configuration list for PBXProject "EasySegmentedControl" */;
			compatibilityVersion = "Xcode 9.3";
			developmentRegion = en;
			hasScannedForEncodings = 0;
			knownRegions = (
				en,
				Base,
			);
			mainGroup = A238246B21CA390500C1FC9A;
			productRefGroup = A238247521CA390500C1FC9A /* Products */;
			projectDirPath = "";
			projectRoot = "";
			targets = (
				A238247321CA390500C1FC9A /* EasySegmentedControl */,
			);
		};
/* End PBXProject section */

/* Begin PBXResourcesBuildPhase section */
		A238247221CA390500C1FC9A /* Resources */ = {
			isa = PBXResourcesBuildPhase;
			buildActionMask = 2147483647;
			files = (
				A238248221CA390800C1FC9A /* LaunchScreen.storyboard in Resources */,
				A238247F21CA390800C1FC9A /* Assets.xcassets in Resources */,
				A238248E21CA3AAF00C1FC9A /* EasySegmentedControl.podspec in Resources */,
			);
			runOnlyForDeploymentPostprocessing = 0;
		};
/* End PBXResourcesBuildPhase section */

/* Begin PBXSourcesBuildPhase section */
		A238247021CA390500C1FC9A /* Sources */ = {
			isa = PBXSourcesBuildPhase;
			buildActionMask = 2147483647;
			files = (
				A238247A21CA390500C1FC9A /* ViewController.swift in Sources */,
				A238247821CA390500C1FC9A /* AppDelegate.swift in Sources */,
				A238248B21CA3A9700C1FC9A /* EasySegmentedControl.swift in Sources */,
			);
			runOnlyForDeploymentPostprocessing = 0;
		};
/* End PBXSourcesBuildPhase section */

/* Begin PBXVariantGroup section */
		A238248021CA390800C1FC9A /* LaunchScreen.storyboard */ = {
			isa = PBXVariantGroup;
			children = (
				A238248121CA390800C1FC9A /* Base */,
			);
			name = LaunchScreen.storyboard;
			sourceTree = "<group>";
		};
/* End PBXVariantGroup section */

/* Begin XCBuildConfiguration section */
		A238248421CA390800C1FC9A /* Debug */ = {
			isa = XCBuildConfiguration;
			buildSettings = {
				ALWAYS_SEARCH_USER_PATHS = NO;
				CLANG_ANALYZER_NONNULL = YES;
				CLANG_ANALYZER_NUMBER_OBJECT_CONVERSION = YES_AGGRESSIVE;
				CLANG_CXX_LANGUAGE_STANDARD = "gnu++14";
				CLANG_CXX_LIBRARY = "libc++";
				CLANG_ENABLE_MODULES = YES;
				CLANG_ENABLE_OBJC_ARC = YES;
				CLANG_ENABLE_OBJC_WEAK = YES;
				CLANG_WARN_BLOCK_CAPTURE_AUTORELEASING = YES;
				CLANG_WARN_BOOL_CONVERSION = YES;
				CLANG_WARN_COMMA = YES;
				CLANG_WARN_CONSTANT_CONVERSION = YES;
				CLANG_WARN_DEPRECATED_OBJC_IMPLEMENTATIONS = YES;
				CLANG_WARN_DIRECT_OBJC_ISA_USAGE = YES_ERROR;
				CLANG_WARN_DOCUMENTATION_COMMENTS = YES;
				CLANG_WARN_EMPTY_BODY = YES;
				CLANG_WARN_ENUM_CONVERSION = YES;
				CLANG_WARN_INFINITE_RECURSION = YES;
				CLANG_WARN_INT_CONVERSION = YES;
				CLANG_WARN_NON_LITERAL_NULL_CONVERSION = YES;
				CLANG_WARN_OBJC_IMPLICIT_RETAIN_SELF = YES;
				CLANG_WARN_OBJC_LITERAL_CONVERSION = YES;
				CLANG_WARN_OBJC_ROOT_CLASS = YES_ERROR;
				CLANG_WARN_RANGE_LOOP_ANALYSIS = YES;
				CLANG_WARN_STRICT_PROTOTYPES = YES;
				CLANG_WARN_SUSPICIOUS_MOVE = YES;
				CLANG_WARN_UNGUARDED_AVAILABILITY = YES_AGGRESSIVE;
				CLANG_WARN_UNREACHABLE_CODE = YES;
				CLANG_WARN__DUPLICATE_METHOD_MATCH = YES;
				CODE_SIGN_IDENTITY = "iPhone Developer";
				COPY_PHASE_STRIP = NO;
				DEBUG_INFORMATION_FORMAT = dwarf;
				ENABLE_STRICT_OBJC_MSGSEND = YES;
				ENABLE_TESTABILITY = YES;
				GCC_C_LANGUAGE_STANDARD = gnu11;
				GCC_DYNAMIC_NO_PIC = NO;
				GCC_NO_COMMON_BLOCKS = YES;
				GCC_OPTIMIZATION_LEVEL = 0;
				GCC_PREPROCESSOR_DEFINITIONS = (
					"DEBUG=1",
					"$(inherited)",
				);
				GCC_WARN_64_TO_32_BIT_CONVERSION = YES;
				GCC_WARN_ABOUT_RETURN_TYPE = YES_ERROR;
				GCC_WARN_UNDECLARED_SELECTOR = YES;
				GCC_WARN_UNINITIALIZED_AUTOS = YES_AGGRESSIVE;
				GCC_WARN_UNUSED_FUNCTION = YES;
				GCC_WARN_UNUSED_VARIABLE = YES;
				IPHONEOS_DEPLOYMENT_TARGET = 12.1;
				MTL_ENABLE_DEBUG_INFO = INCLUDE_SOURCE;
				MTL_FAST_MATH = YES;
				ONLY_ACTIVE_ARCH = YES;
				SDKROOT = iphoneos;
				SWIFT_ACTIVE_COMPILATION_CONDITIONS = DEBUG;
				SWIFT_OPTIMIZATION_LEVEL = "-Onone";
			};
			name = Debug;
		};
		A238248521CA390800C1FC9A /* Release */ = {
			isa = XCBuildConfiguration;
			buildSettings = {
				ALWAYS_SEARCH_USER_PATHS = NO;
				CLANG_ANALYZER_NONNULL = YES;
				CLANG_ANALYZER_NUMBER_OBJECT_CONVERSION = YES_AGGRESSIVE;
				CLANG_CXX_LANGUAGE_STANDARD = "gnu++14";
				CLANG_CXX_LIBRARY = "libc++";
				CLANG_ENABLE_MODULES = YES;
				CLANG_ENABLE_OBJC_ARC = YES;
				CLANG_ENABLE_OBJC_WEAK = YES;
				CLANG_WARN_BLOCK_CAPTURE_AUTORELEASING = YES;
				CLANG_WARN_BOOL_CONVERSION = YES;
				CLANG_WARN_COMMA = YES;
				CLANG_WARN_CONSTANT_CONVERSION = YES;
				CLANG_WARN_DEPRECATED_OBJC_IMPLEMENTATIONS = YES;
				CLANG_WARN_DIRECT_OBJC_ISA_USAGE = YES_ERROR;
				CLANG_WARN_DOCUMENTATION_COMMENTS = YES;
				CLANG_WARN_EMPTY_BODY = YES;
				CLANG_WARN_ENUM_CONVERSION = YES;
				CLANG_WARN_INFINITE_RECURSION = YES;
				CLANG_WARN_INT_CONVERSION = YES;
				CLANG_WARN_NON_LITERAL_NULL_CONVERSION = YES;
				CLANG_WARN_OBJC_IMPLICIT_RETAIN_SELF = YES;
				CLANG_WARN_OBJC_LITERAL_CONVERSION = YES;
				CLANG_WARN_OBJC_ROOT_CLASS = YES_ERROR;
				CLANG_WARN_RANGE_LOOP_ANALYSIS = YES;
				CLANG_WARN_STRICT_PROTOTYPES = YES;
				CLANG_WARN_SUSPICIOUS_MOVE = YES;
				CLANG_WARN_UNGUARDED_AVAILABILITY = YES_AGGRESSIVE;
				CLANG_WARN_UNREACHABLE_CODE = YES;
				CLANG_WARN__DUPLICATE_METHOD_MATCH = YES;
				CODE_SIGN_IDENTITY = "iPhone Developer";
				COPY_PHASE_STRIP = NO;
				DEBUG_INFORMATION_FORMAT = "dwarf-with-dsym";
				ENABLE_NS_ASSERTIONS = NO;
				ENABLE_STRICT_OBJC_MSGSEND = YES;
				GCC_C_LANGUAGE_STANDARD = gnu11;
				GCC_NO_COMMON_BLOCKS = YES;
				GCC_WARN_64_TO_32_BIT_CONVERSION = YES;
				GCC_WARN_ABOUT_RETURN_TYPE = YES_ERROR;
				GCC_WARN_UNDECLARED_SELECTOR = YES;
				GCC_WARN_UNINITIALIZED_AUTOS = YES_AGGRESSIVE;
				GCC_WARN_UNUSED_FUNCTION = YES;
				GCC_WARN_UNUSED_VARIABLE = YES;
				IPHONEOS_DEPLOYMENT_TARGET = 12.1;
				MTL_ENABLE_DEBUG_INFO = NO;
				MTL_FAST_MATH = YES;
				SDKROOT = iphoneos;
				SWIFT_COMPILATION_MODE = wholemodule;
				SWIFT_OPTIMIZATION_LEVEL = "-O";
				VALIDATE_PRODUCT = YES;
			};
			name = Release;
		};
		A238248721CA390800C1FC9A /* Debug */ = {
			isa = XCBuildConfiguration;
			buildSettings = {
				ASSETCATALOG_COMPILER_APPICON_NAME = AppIcon;
				CODE_SIGN_STYLE = Automatic;
				DEVELOPMENT_TEAM = MY2CY9936K;
				INFOPLIST_FILE = EasySegmentedControl/Info.plist;
				LD_RUNPATH_SEARCH_PATHS = (
					"$(inherited)",
					"@executable_path/Frameworks",
				);
				PRODUCT_BUNDLE_IDENTIFIER = com.pingan.EasySegmentedControl;
				PRODUCT_NAME = "$(TARGET_NAME)";
				SWIFT_VERSION = 4.2;
				TARGETED_DEVICE_FAMILY = "1,2";
			};
			name = Debug;
		};
		A238248821CA390800C1FC9A /* Release */ = {
			isa = XCBuildConfiguration;
			buildSettings = {
				ASSETCATALOG_COMPILER_APPICON_NAME = AppIcon;
				CODE_SIGN_STYLE = Automatic;
				DEVELOPMENT_TEAM = MY2CY9936K;
				INFOPLIST_FILE = EasySegmentedControl/Info.plist;
				LD_RUNPATH_SEARCH_PATHS = (
					"$(inherited)",
					"@executable_path/Frameworks",
				);
				PRODUCT_BUNDLE_IDENTIFIER = com.pingan.EasySegmentedControl;
				PRODUCT_NAME = "$(TARGET_NAME)";
				SWIFT_VERSION = 4.2;
				TARGETED_DEVICE_FAMILY = "1,2";
			};
			name = Release;
		};
/* End XCBuildConfiguration section */

/* Begin XCConfigurationList section */
		A238246F21CA390500C1FC9A /* Build configuration list for PBXProject "EasySegmentedControl" */ = {
			isa = XCConfigurationList;
			buildConfigurations = (
				A238248421CA390800C1FC9A /* Debug */,
				A238248521CA390800C1FC9A /* Release */,
			);
			defaultConfigurationIsVisible = 0;
			defaultConfigurationName = Release;
		};
		A238248621CA390800C1FC9A /* Build configuration list for PBXNativeTarget "EasySegmentedControl" */ = {
			isa = XCConfigurationList;
			buildConfigurations = (
				A238248721CA390800C1FC9A /* Debug */,
				A238248821CA390800C1FC9A /* Release */,
			);
			defaultConfigurationIsVisible = 0;
			defaultConfigurationName = Release;
		};
/* End XCConfigurationList section */
	};
	rootObject = A238246C21CA390500C1FC9A /* Project object */;
}
