// !$*UTF8*$!
{
	archiveVersion = 1;
	classes = {
	};
	objectVersion = 50;
	objects = {

/* Begin PBXBuildFile section */
		A238242E21C78C9D00C1FC9A /* AppDelegate.swift in Sources */ = {isa = PBXBuildFile; fileRef = A238242D21C78C9D00C1FC9A /* AppDelegate.swift */; };
		A238243021C78C9D00C1FC9A /* ViewController.swift in Sources */ = {isa = PBXBuildFile; fileRef = A238242F21C78C9D00C1FC9A /* ViewController.swift */; };
		A238243321C78C9D00C1FC9A /* Main.storyboard in Resources */ = {isa = PBXBuildFile; fileRef = A238243121C78C9D00C1FC9A /* Main.storyboard */; };
		A238243521C78C9F00C1FC9A /* Assets.xcassets in Resources */ = {isa = PBXBuildFile; fileRef = A238243421C78C9F00C1FC9A /* Assets.xcassets */; };
		A238243821C78C9F00C1FC9A /* LaunchScreen.storyboard in Resources */ = {isa = PBXBuildFile; fileRef = A238243621C78C9F00C1FC9A /* LaunchScreen.storyboard */; };
		A238244121C78D0100C1FC9A /* EasySegmentedControl.swift in Sources */ = {isa = PBXBuildFile; fileRef = A238244021C78D0100C1FC9A /* EasySegmentedControl.swift */; };
		A238246A21CA34DB00C1FC9A /* EasySegmentedControlDemo.podspec in Resources */ = {isa = PBXBuildFile; fileRef = A238246921CA34DB00C1FC9A /* EasySegmentedControlDemo.podspec */; };
/* End PBXBuildFile section */

/* Begin PBXFileReference section */
		A238242A21C78C9D00C1FC9A /* EasySegmentedControlDemo.app */ = {isa = PBXFileReference; explicitFileType = wrapper.application; includeInIndex = 0; path = EasySegmentedControlDemo.app; sourceTree = BUILT_PRODUCTS_DIR; };
		A238242D21C78C9D00C1FC9A /* AppDelegate.swift */ = {isa = PBXFileReference; lastKnownFileType = sourcecode.swift; path = AppDelegate.swift; sourceTree = "<group>"; };
		A238242F21C78C9D00C1FC9A /* ViewController.swift */ = {isa = PBXFileReference; lastKnownFileType = sourcecode.swift; path = ViewController.swift; sourceTree = "<group>"; };
		A238243221C78C9D00C1FC9A /* Base */ = {isa = PBXFileReference; lastKnownFileType = file.storyboard; name = Base; path = Base.lproj/Main.storyboard; sourceTree = "<group>"; };
		A238243421C78C9F00C1FC9A /* Assets.xcassets */ = {isa = PBXFileReference; lastKnownFileType = folder.assetcatalog; path = Assets.xcassets; sourceTree = "<group>"; };
		A238243721C78C9F00C1FC9A /* Base */ = {isa = PBXFileReference; lastKnownFileType = file.storyboard; name = Base; path = Base.lproj/LaunchScreen.storyboard; sourceTree = "<group>"; };
		A238243921C78C9F00C1FC9A /* Info.plist */ = {isa = PBXFileReference; lastKnownFileType = text.plist.xml; path = Info.plist; sourceTree = "<group>"; };
		A238244021C78D0100C1FC9A /* EasySegmentedControl.swift */ = {isa = PBXFileReference; fileEncoding = 4; lastKnownFileType = sourcecode.swift; path = EasySegmentedControl.swift; sourceTree = "<group>"; };
		A238246921CA34DB00C1FC9A /* EasySegmentedControlDemo.podspec */ = {isa = PBXFileReference; explicitFileType = text.script.ruby; fileEncoding = 4; path = EasySegmentedControlDemo.podspec; sourceTree = "<group>"; };
/* End PBXFileReference section */

/* Begin PBXFrameworksBuildPhase section */
		A238242721C78C9D00C1FC9A /* Frameworks */ = {
			isa = PBXFrameworksBuildPhase;
			buildActionMask = 2147483647;
			files = (
			);
			runOnlyForDeploymentPostprocessing = 0;
		};
/* End PBXFrameworksBuildPhase section */

/* Begin PBXGroup section */
		A238242121C78C9D00C1FC9A = {
			isa = PBXGroup;
			children = (
				A238246821CA34BF00C1FC9A /* Supporting Files */,
				A238243F21C78D0100C1FC9A /* EasySegmentedControl */,
				A238242C21C78C9D00C1FC9A /* EasySegmentedControlDemo */,
				A238242B21C78C9D00C1FC9A /* Products */,
			);
			sourceTree = "<group>";
		};
		A238242B21C78C9D00C1FC9A /* Products */ = {
			isa = PBXGroup;
			children = (
				A238242A21C78C9D00C1FC9A /* EasySegmentedControlDemo.app */,
			);
			name = Products;
			sourceTree = "<group>";
		};
		A238242C21C78C9D00C1FC9A /* EasySegmentedControlDemo */ = {
			isa = PBXGroup;
			children = (
				A238242D21C78C9D00C1FC9A /* AppDelegate.swift */,
				A238242F21C78C9D00C1FC9A /* ViewController.swift */,
				A238243121C78C9D00C1FC9A /* Main.storyboard */,
				A238243421C78C9F00C1FC9A /* Assets.xcassets */,
				A238243621C78C9F00C1FC9A /* LaunchScreen.storyboard */,
				A238243921C78C9F00C1FC9A /* Info.plist */,
			);
			path = EasySegmentedControlDemo;
			sourceTree = "<group>";
		};
		A238243F21C78D0100C1FC9A /* EasySegmentedControl */ = {
			isa = PBXGroup;
			children = (
				A238244021C78D0100C1FC9A /* EasySegmentedControl.swift */,
			);
			path = EasySegmentedControl;
			sourceTree = "<group>";
		};
		A238246821CA34BF00C1FC9A /* Supporting Files */ = {
			isa = PBXGroup;
			children = (
				A238246921CA34DB00C1FC9A /* EasySegmentedControlDemo.podspec */,
			);
			name = "Supporting Files";
			sourceTree = "<group>";
		};
/* End PBXGroup section */

/* Begin PBXNativeTarget section */
		A238242921C78C9D00C1FC9A /* EasySegmentedControlDemo */ = {
			isa = PBXNativeTarget;
			buildConfigurationList = A238243C21C78C9F00C1FC9A /* Build configuration list for PBXNativeTarget "EasySegmentedControlDemo" */;
			buildPhases = (
				A238242621C78C9D00C1FC9A /* Sources */,
				A238242721C78C9D00C1FC9A /* Frameworks */,
				A238242821C78C9D00C1FC9A /* Resources */,
			);
			buildRules = (
			);
			dependencies = (
			);
			name = EasySegmentedControlDemo;
			productName = EasySegmentedControlDemo;
			productReference = A238242A21C78C9D00C1FC9A /* EasySegmentedControlDemo.app */;
			productType = "com.apple.product-type.application";
		};
/* End PBXNativeTarget section */

/* Begin PBXProject section */
		A238242221C78C9D00C1FC9A /* Project object */ = {
			isa = PBXProject;
			attributes = {
				LastSwiftUpdateCheck = 1010;
				LastUpgradeCheck = 1010;
				ORGANIZATIONNAME = "王树军";
				TargetAttributes = {
					A238242921C78C9D00C1FC9A = {
						CreatedOnToolsVersion = 10.1;
					};
				};
			};
			buildConfigurationList = A238242521C78C9D00C1FC9A /* Build configuration list for PBXProject "EasySegmentedControlDemo" */;
			compatibilityVersion = "Xcode 9.3";
			developmentRegion = en;
			hasScannedForEncodings = 0;
			knownRegions = (
				en,
				Base,
			);
			mainGroup = A238242121C78C9D00C1FC9A;
			productRefGroup = A238242B21C78C9D00C1FC9A /* Products */;
			projectDirPath = "";
			projectRoot = "";
			targets = (
				A238242921C78C9D00C1FC9A /* EasySegmentedControlDemo */,
			);
		};
/* End PBXProject section */

/* Begin PBXResourcesBuildPhase section */
		A238242821C78C9D00C1FC9A /* Resources */ = {
			isa = PBXResourcesBuildPhase;
			buildActionMask = 2147483647;
			files = (
				A238246A21CA34DB00C1FC9A /* EasySegmentedControlDemo.podspec in Resources */,
				A238243821C78C9F00C1FC9A /* LaunchScreen.storyboard in Resources */,
				A238243521C78C9F00C1FC9A /* Assets.xcassets in Resources */,
				A238243321C78C9D00C1FC9A /* Main.storyboard in Resources */,
			);
			runOnlyForDeploymentPostprocessing = 0;
		};
/* End PBXResourcesBuildPhase section */

/* Begin PBXSourcesBuildPhase section */
		A238242621C78C9D00C1FC9A /* Sources */ = {
			isa = PBXSourcesBuildPhase;
			buildActionMask = 2147483647;
			files = (
				A238243021C78C9D00C1FC9A /* ViewController.swift in Sources */,
				A238242E21C78C9D00C1FC9A /* AppDelegate.swift in Sources */,
				A238244121C78D0100C1FC9A /* EasySegmentedControl.swift in Sources */,
			);
			runOnlyForDeploymentPostprocessing = 0;
		};
/* End PBXSourcesBuildPhase section */

/* Begin PBXVariantGroup section */
		A238243121C78C9D00C1FC9A /* Main.storyboard */ = {
			isa = PBXVariantGroup;
			children = (
				A238243221C78C9D00C1FC9A /* Base */,
			);
			name = Main.storyboard;
			sourceTree = "<group>";
		};
		A238243621C78C9F00C1FC9A /* LaunchScreen.storyboard */ = {
			isa = PBXVariantGroup;
			children = (
				A238243721C78C9F00C1FC9A /* Base */,
			);
			name = LaunchScreen.storyboard;
			sourceTree = "<group>";
		};
/* End PBXVariantGroup section */

/* Begin XCBuildConfiguration section */
		A238243A21C78C9F00C1FC9A /* Debug */ = {
			isa = XCBuildConfiguration;
			buildSettings = {
				ALWAYS_SEARCH_USER_PATHS = NO;
				CLANG_ANALYZER_NONNULL = YES;
				CLANG_ANALYZER_NUMBER_OBJECT_CONVERSION = YES_AGGRESSIVE;
				CLANG_CXX_LANGUAGE_STANDARD = "gnu++14";
				CLANG_CXX_LIBRARY = "libc++";
				CLANG_ENABLE_MODULES = YES;
				CLANG_ENABLE_OBJC_ARC = YES;
				CLANG_ENABLE_OBJC_WEAK = YES;
				CLANG_WARN_BLOCK_CAPTURE_AUTORELEASING = YES;
				CLANG_WARN_BOOL_CONVERSION = YES;
				CLANG_WARN_COMMA = YES;
				CLANG_WARN_CONSTANT_CONVERSION = YES;
				CLANG_WARN_DEPRECATED_OBJC_IMPLEMENTATIONS = YES;
				CLANG_WARN_DIRECT_OBJC_ISA_USAGE = YES_ERROR;
				CLANG_WARN_DOCUMENTATION_COMMENTS = YES;
				CLANG_WARN_EMPTY_BODY = YES;
				CLANG_WARN_ENUM_CONVERSION = YES;
				CLANG_WARN_INFINITE_RECURSION = YES;
				CLANG_WARN_INT_CONVERSION = YES;
				CLANG_WARN_NON_LITERAL_NULL_CONVERSION = YES;
				CLANG_WARN_OBJC_IMPLICIT_RETAIN_SELF = YES;
				CLANG_WARN_OBJC_LITERAL_CONVERSION = YES;
				CLANG_WARN_OBJC_ROOT_CLASS = YES_ERROR;
				CLANG_WARN_RANGE_LOOP_ANALYSIS = YES;
				CLANG_WARN_STRICT_PROTOTYPES = YES;
				CLANG_WARN_SUSPICIOUS_MOVE = YES;
				CLANG_WARN_UNGUARDED_AVAILABILITY = YES_AGGRESSIVE;
				CLANG_WARN_UNREACHABLE_CODE = YES;
				CLANG_WARN__DUPLICATE_METHOD_MATCH = YES;
				CODE_SIGN_IDENTITY = "iPhone Developer";
				COPY_PHASE_STRIP = NO;
				DEBUG_INFORMATION_FORMAT = dwarf;
				ENABLE_STRICT_OBJC_MSGSEND = YES;
				ENABLE_TESTABILITY = YES;
				GCC_C_LANGUAGE_STANDARD = gnu11;
				GCC_DYNAMIC_NO_PIC = NO;
				GCC_NO_COMMON_BLOCKS = YES;
				GCC_OPTIMIZATION_LEVEL = 0;
				GCC_PREPROCESSOR_DEFINITIONS = (
					"DEBUG=1",
					"$(inherited)",
				);
				GCC_WARN_64_TO_32_BIT_CONVERSION = YES;
				GCC_WARN_ABOUT_RETURN_TYPE = YES_ERROR;
				GCC_WARN_UNDECLARED_SELECTOR = YES;
				GCC_WARN_UNINITIALIZED_AUTOS = YES_AGGRESSIVE;
				GCC_WARN_UNUSED_FUNCTION = YES;
				GCC_WARN_UNUSED_VARIABLE = YES;
				IPHONEOS_DEPLOYMENT_TARGET = 12.1;
				MTL_ENABLE_DEBUG_INFO = INCLUDE_SOURCE;
				MTL_FAST_MATH = YES;
				ONLY_ACTIVE_ARCH = YES;
				SDKROOT = iphoneos;
				SWIFT_ACTIVE_COMPILATION_CONDITIONS = DEBUG;
				SWIFT_OPTIMIZATION_LEVEL = "-Onone";
			};
			name = Debug;
		};
		A238243B21C78C9F00C1FC9A /* Release */ = {
			isa = XCBuildConfiguration;
			buildSettings = {
				ALWAYS_SEARCH_USER_PATHS = NO;
				CLANG_ANALYZER_NONNULL = YES;
				CLANG_ANALYZER_NUMBER_OBJECT_CONVERSION = YES_AGGRESSIVE;
				CLANG_CXX_LANGUAGE_STANDARD = "gnu++14";
				CLANG_CXX_LIBRARY = "libc++";
				CLANG_ENABLE_MODULES = YES;
				CLANG_ENABLE_OBJC_ARC = YES;
				CLANG_ENABLE_OBJC_WEAK = YES;
				CLANG_WARN_BLOCK_CAPTURE_AUTORELEASING = YES;
				CLANG_WARN_BOOL_CONVERSION = YES;
				CLANG_WARN_COMMA = YES;
				CLANG_WARN_CONSTANT_CONVERSION = YES;
				CLANG_WARN_DEPRECATED_OBJC_IMPLEMENTATIONS = YES;
				CLANG_WARN_DIRECT_OBJC_ISA_USAGE = YES_ERROR;
				CLANG_WARN_DOCUMENTATION_COMMENTS = YES;
				CLANG_WARN_EMPTY_BODY = YES;
				CLANG_WARN_ENUM_CONVERSION = YES;
				CLANG_WARN_INFINITE_RECURSION = YES;
				CLANG_WARN_INT_CONVERSION = YES;
				CLANG_WARN_NON_LITERAL_NULL_CONVERSION = YES;
				CLANG_WARN_OBJC_IMPLICIT_RETAIN_SELF = YES;
				CLANG_WARN_OBJC_LITERAL_CONVERSION = YES;
				CLANG_WARN_OBJC_ROOT_CLASS = YES_ERROR;
				CLANG_WARN_RANGE_LOOP_ANALYSIS = YES;
				CLANG_WARN_STRICT_PROTOTYPES = YES;
				CLANG_WARN_SUSPICIOUS_MOVE = YES;
				CLANG_WARN_UNGUARDED_AVAILABILITY = YES_AGGRESSIVE;
				CLANG_WARN_UNREACHABLE_CODE = YES;
				CLANG_WARN__DUPLICATE_METHOD_MATCH = YES;
				CODE_SIGN_IDENTITY = "iPhone Developer";
				COPY_PHASE_STRIP = NO;
				DEBUG_INFORMATION_FORMAT = "dwarf-with-dsym";
				ENABLE_NS_ASSERTIONS = NO;
				ENABLE_STRICT_OBJC_MSGSEND = YES;
				GCC_C_LANGUAGE_STANDARD = gnu11;
				GCC_NO_COMMON_BLOCKS = YES;
				GCC_WARN_64_TO_32_BIT_CONVERSION = YES;
				GCC_WARN_ABOUT_RETURN_TYPE = YES_ERROR;
				GCC_WARN_UNDECLARED_SELECTOR = YES;
				GCC_WARN_UNINITIALIZED_AUTOS = YES_AGGRESSIVE;
				GCC_WARN_UNUSED_FUNCTION = YES;
				GCC_WARN_UNUSED_VARIABLE = YES;
				IPHONEOS_DEPLOYMENT_TARGET = 12.1;
				MTL_ENABLE_DEBUG_INFO = NO;
				MTL_FAST_MATH = YES;
				SDKROOT = iphoneos;
				SWIFT_COMPILATION_MODE = wholemodule;
				SWIFT_OPTIMIZATION_LEVEL = "-O";
				VALIDATE_PRODUCT = YES;
			};
			name = Release;
		};
		A238243D21C78C9F00C1FC9A /* Debug */ = {
			isa = XCBuildConfiguration;
			buildSettings = {
				ASSETCATALOG_COMPILER_APPICON_NAME = AppIcon;
				CODE_SIGN_STYLE = Automatic;
				DEVELOPMENT_TEAM = MY2CY9936K;
				INFOPLIST_FILE = EasySegmentedControlDemo/Info.plist;
				LD_RUNPATH_SEARCH_PATHS = (
					"$(inherited)",
					"@executable_path/Frameworks",
				);
				PRODUCT_BUNDLE_IDENTIFIER = com.pingan.EasySegmentedControlDemo;
				PRODUCT_NAME = "$(TARGET_NAME)";
				SWIFT_VERSION = 4.2;
				TARGETED_DEVICE_FAMILY = "1,2";
			};
			name = Debug;
		};
		A238243E21C78C9F00C1FC9A /* Release */ = {
			isa = XCBuildConfiguration;
			buildSettings = {
				ASSETCATALOG_COMPILER_APPICON_NAME = AppIcon;
				CODE_SIGN_STYLE = Automatic;
				DEVELOPMENT_TEAM = MY2CY9936K;
				INFOPLIST_FILE = EasySegmentedControlDemo/Info.plist;
				LD_RUNPATH_SEARCH_PATHS = (
					"$(inherited)",
					"@executable_path/Frameworks",
				);
				PRODUCT_BUNDLE_IDENTIFIER = com.pingan.EasySegmentedControlDemo;
				PRODUCT_NAME = "$(TARGET_NAME)";
				SWIFT_VERSION = 4.2;
				TARGETED_DEVICE_FAMILY = "1,2";
			};
			name = Release;
		};
/* End XCBuildConfiguration section */

/* Begin XCConfigurationList section */
		A238242521C78C9D00C1FC9A /* Build configuration list for PBXProject "EasySegmentedControlDemo" */ = {
			isa = XCConfigurationList;
			buildConfigurations = (
				A238243A21C78C9F00C1FC9A /* Debug */,
				A238243B21C78C9F00C1FC9A /* Release */,
			);
			defaultConfigurationIsVisible = 0;
			defaultConfigurationName = Release;
		};
		A238243C21C78C9F00C1FC9A /* Build configuration list for PBXNativeTarget "EasySegmentedControlDemo" */ = {
			isa = XCConfigurationList;
			buildConfigurations = (
				A238243D21C78C9F00C1FC9A /* Debug */,
				A238243E21C78C9F00C1FC9A /* Release */,
			);
			defaultConfigurationIsVisible = 0;
			defaultConfigurationName = Release;
		};
/* End XCConfigurationList section */
	};
	rootObject = A238242221C78C9D00C1FC9A /* Project object */;
}
